// !$*UTF8*$!
{
	archiveVersion = 1;
	classes = {
	};
	objectVersion = 46;
	objects = {

/* Begin PBXBuildFile section */
		F260B43F2103072E003FB45B /* AppDelegate.swift in Sources */ = {isa = PBXBuildFile; fileRef = F260B43E2103072E003FB45B /* AppDelegate.swift */; };
		F260B4412103072E003FB45B /* ViewController.swift in Sources */ = {isa = PBXBuildFile; fileRef = F260B4402103072E003FB45B /* ViewController.swift */; };
		F260B4442103072E003FB45B /* Main.storyboard in Resources */ = {isa = PBXBuildFile; fileRef = F260B4422103072E003FB45B /* Main.storyboard */; };
		F260B4462103072E003FB45B /* Assets.xcassets in Resources */ = {isa = PBXBuildFile; fileRef = F260B4452103072E003FB45B /* Assets.xcassets */; };
		F260B4492103072E003FB45B /* LaunchScreen.storyboard in Resources */ = {isa = PBXBuildFile; fileRef = F260B4472103072E003FB45B /* LaunchScreen.storyboard */; };
		F260B4542103072E003FB45B /* TableViewSampleTests.swift in Sources */ = {isa = PBXBuildFile; fileRef = F260B4532103072E003FB45B /* TableViewSampleTests.swift */; };
		F260B45F2103072E003FB45B /* TableViewSampleUITests.swift in Sources */ = {isa = PBXBuildFile; fileRef = F260B45E2103072E003FB45B /* TableViewSampleUITests.swift */; };
		F260B46D210307E5003FB45B /* TableController.swift in Sources */ = {isa = PBXBuildFile; fileRef = F260B46C210307E5003FB45B /* TableController.swift */; };
		F260B47121030FE7003FB45B /* DetailController.swift in Sources */ = {isa = PBXBuildFile; fileRef = F260B47021030FE7003FB45B /* DetailController.swift */; };
		F260B4732103104D003FB45B /* Golbal.swift in Sources */ = {isa = PBXBuildFile; fileRef = F260B4722103104D003FB45B /* Golbal.swift */; };
/* End PBXBuildFile section */

/* Begin PBXContainerItemProxy section */
		F260B4502103072E003FB45B /* PBXContainerItemProxy */ = {
			isa = PBXContainerItemProxy;
			containerPortal = F260B4332103072E003FB45B /* Project object */;
			proxyType = 1;
			remoteGlobalIDString = F260B43A2103072E003FB45B;
			remoteInfo = TableViewSample;
		};
		F260B45B2103072E003FB45B /* PBXContainerItemProxy */ = {
			isa = PBXContainerItemProxy;
			containerPortal = F260B4332103072E003FB45B /* Project object */;
			proxyType = 1;
			remoteGlobalIDString = F260B43A2103072E003FB45B;
			remoteInfo = TableViewSample;
		};
/* End PBXContainerItemProxy section */

/* Begin PBXFileReference section */
		F260B43B2103072E003FB45B /* TableViewSample.app */ = {isa = PBXFileReference; explicitFileType = wrapper.application; includeInIndex = 0; path = TableViewSample.app; sourceTree = BUILT_PRODUCTS_DIR; };
		F260B43E2103072E003FB45B /* AppDelegate.swift */ = {isa = PBXFileReference; lastKnownFileType = sourcecode.swift; path = AppDelegate.swift; sourceTree = "<group>"; };
		F260B4402103072E003FB45B /* ViewController.swift */ = {isa = PBXFileReference; lastKnownFileType = sourcecode.swift; path = ViewController.swift; sourceTree = "<group>"; };
		F260B4432103072E003FB45B /* Base */ = {isa = PBXFileReference; lastKnownFileType = file.storyboard; name = Base; path = Base.lproj/Main.storyboard; sourceTree = "<group>"; };
		F260B4452103072E003FB45B /* Assets.xcassets */ = {isa = PBXFileReference; lastKnownFileType = folder.assetcatalog; path = Assets.xcassets; sourceTree = "<group>"; };
		F260B4482103072E003FB45B /* Base */ = {isa = PBXFileReference; lastKnownFileType = file.storyboard; name = Base; path = Base.lproj/LaunchScreen.storyboard; sourceTree = "<group>"; };
		F260B44A2103072E003FB45B /* Info.plist */ = {isa = PBXFileReference; lastKnownFileType = text.plist.xml; path = Info.plist; sourceTree = "<group>"; };
		F260B44F2103072E003FB45B /* TableViewSampleTests.xctest */ = {isa = PBXFileReference; explicitFileType = wrapper.cfbundle; includeInIndex = 0; path = TableViewSampleTests.xctest; sourceTree = BUILT_PRODUCTS_DIR; };
		F260B4532103072E003FB45B /* TableViewSampleTests.swift */ = {isa = PBXFileReference; lastKnownFileType = sourcecode.swift; path = TableViewSampleTests.swift; sourceTree = "<group>"; };
		F260B4552103072E003FB45B /* Info.plist */ = {isa = PBXFileReference; lastKnownFileType = text.plist.xml; path = Info.plist; sourceTree = "<group>"; };
		F260B45A2103072E003FB45B /* TableViewSampleUITests.xctest */ = {isa = PBXFileReference; explicitFileType = wrapper.cfbundle; includeInIndex = 0; path = TableViewSampleUITests.xctest; sourceTree = BUILT_PRODUCTS_DIR; };
		F260B45E2103072E003FB45B /* TableViewSampleUITests.swift */ = {isa = PBXFileReference; lastKnownFileType = sourcecode.swift; path = TableViewSampleUITests.swift; sourceTree = "<group>"; };
		F260B4602103072E003FB45B /* Info.plist */ = {isa = PBXFileReference; lastKnownFileType = text.plist.xml; path = Info.plist; sourceTree = "<group>"; };
		F260B46C210307E5003FB45B /* TableController.swift */ = {isa = PBXFileReference; fileEncoding = 4; lastKnownFileType = sourcecode.swift; path = TableController.swift; sourceTree = "<group>"; };
		F260B47021030FE7003FB45B /* DetailController.swift */ = {isa = PBXFileReference; fileEncoding = 4; lastKnownFileType = sourcecode.swift; path = DetailController.swift; sourceTree = "<group>"; };
		F260B4722103104D003FB45B /* Golbal.swift */ = {isa = PBXFileReference; fileEncoding = 4; lastKnownFileType = sourcecode.swift; path = Golbal.swift; sourceTree = "<group>"; };
/* End PBXFileReference section */

/* Begin PBXFrameworksBuildPhase section */
		F260B4382103072E003FB45B /* Frameworks */ = {
			isa = PBXFrameworksBuildPhase;
			buildActionMask = 2147483647;
			files = (
			);
			runOnlyForDeploymentPostprocessing = 0;
		};
		F260B44C2103072E003FB45B /* Frameworks */ = {
			isa = PBXFrameworksBuildPhase;
			buildActionMask = 2147483647;
			files = (
			);
			runOnlyForDeploymentPostprocessing = 0;
		};
		F260B4572103072E003FB45B /* Frameworks */ = {
			isa = PBXFrameworksBuildPhase;
			buildActionMask = 2147483647;
			files = (
			);
			runOnlyForDeploymentPostprocessing = 0;
		};
/* End PBXFrameworksBuildPhase section */

/* Begin PBXGroup section */
		F260B4322103072E003FB45B = {
			isa = PBXGroup;
			children = (
				F260B43D2103072E003FB45B /* TableViewSample */,
				F260B4522103072E003FB45B /* TableViewSampleTests */,
				F260B45D2103072E003FB45B /* TableViewSampleUITests */,
				F260B43C2103072E003FB45B /* Products */,
			);
			sourceTree = "<group>";
		};
		F260B43C2103072E003FB45B /* Products */ = {
			isa = PBXGroup;
			children = (
				F260B43B2103072E003FB45B /* TableViewSample.app */,
				F260B44F2103072E003FB45B /* TableViewSampleTests.xctest */,
				F260B45A2103072E003FB45B /* TableViewSampleUITests.xctest */,
			);
			name = Products;
			sourceTree = "<group>";
		};
		F260B43D2103072E003FB45B /* TableViewSample */ = {
			isa = PBXGroup;
			children = (
				F260B43E2103072E003FB45B /* AppDelegate.swift */,
				F260B4402103072E003FB45B /* ViewController.swift */,
				F260B4422103072E003FB45B /* Main.storyboard */,
				F260B4452103072E003FB45B /* Assets.xcassets */,
				F260B4472103072E003FB45B /* LaunchScreen.storyboard */,
				F260B44A2103072E003FB45B /* Info.plist */,
				F260B46C210307E5003FB45B /* TableController.swift */,
				F260B47021030FE7003FB45B /* DetailController.swift */,
				F260B4722103104D003FB45B /* Golbal.swift */,
			);
			path = TableViewSample;
			sourceTree = "<group>";
		};
		F260B4522103072E003FB45B /* TableViewSampleTests */ = {
			isa = PBXGroup;
			children = (
				F260B4532103072E003FB45B /* TableViewSampleTests.swift */,
				F260B4552103072E003FB45B /* Info.plist */,
			);
			path = TableViewSampleTests;
			sourceTree = "<group>";
		};
		F260B45D2103072E003FB45B /* TableViewSampleUITests */ = {
			isa = PBXGroup;
			children = (
				F260B45E2103072E003FB45B /* TableViewSampleUITests.swift */,
				F260B4602103072E003FB45B /* Info.plist */,
			);
			path = TableViewSampleUITests;
			sourceTree = "<group>";
		};
/* End PBXGroup section */

/* Begin PBXNativeTarget section */
		F260B43A2103072E003FB45B /* TableViewSample */ = {
			isa = PBXNativeTarget;
			buildConfigurationList = F260B4632103072E003FB45B /* Build configuration list for PBXNativeTarget "TableViewSample" */;
			buildPhases = (
				F260B4372103072E003FB45B /* Sources */,
				F260B4382103072E003FB45B /* Frameworks */,
				F260B4392103072E003FB45B /* Resources */,
			);
			buildRules = (
			);
			dependencies = (
			);
			name = TableViewSample;
			productName = TableViewSample;
			productReference = F260B43B2103072E003FB45B /* TableViewSample.app */;
			productType = "com.apple.product-type.application";
		};
		F260B44E2103072E003FB45B /* TableViewSampleTests */ = {
			isa = PBXNativeTarget;
			buildConfigurationList = F260B4662103072E003FB45B /* Build configuration list for PBXNativeTarget "TableViewSampleTests" */;
			buildPhases = (
				F260B44B2103072E003FB45B /* Sources */,
				F260B44C2103072E003FB45B /* Frameworks */,
				F260B44D2103072E003FB45B /* Resources */,
			);
			buildRules = (
			);
			dependencies = (
				F260B4512103072E003FB45B /* PBXTargetDependency */,
			);
			name = TableViewSampleTests;
			productName = TableViewSampleTests;
			productReference = F260B44F2103072E003FB45B /* TableViewSampleTests.xctest */;
			productType = "com.apple.product-type.bundle.unit-test";
		};
		F260B4592103072E003FB45B /* TableViewSampleUITests */ = {
			isa = PBXNativeTarget;
			buildConfigurationList = F260B4692103072E003FB45B /* Build configuration list for PBXNativeTarget "TableViewSampleUITests" */;
			buildPhases = (
				F260B4562103072E003FB45B /* Sources */,
				F260B4572103072E003FB45B /* Frameworks */,
				F260B4582103072E003FB45B /* Resources */,
			);
			buildRules = (
			);
			dependencies = (
				F260B45C2103072E003FB45B /* PBXTargetDependency */,
			);
			name = TableViewSampleUITests;
			productName = TableViewSampleUITests;
			productReference = F260B45A2103072E003FB45B /* TableViewSampleUITests.xctest */;
			productType = "com.apple.product-type.bundle.ui-testing";
		};
/* End PBXNativeTarget section */

/* Begin PBXProject section */
		F260B4332103072E003FB45B /* Project object */ = {
			isa = PBXProject;
			attributes = {
				LastSwiftUpdateCheck = 0830;
				LastUpgradeCheck = 0830;
				ORGANIZATIONNAME = chmac;
				TargetAttributes = {
					F260B43A2103072E003FB45B = {
						CreatedOnToolsVersion = 8.3.3;
						ProvisioningStyle = Automatic;
					};
					F260B44E2103072E003FB45B = {
						CreatedOnToolsVersion = 8.3.3;
						ProvisioningStyle = Automatic;
						TestTargetID = F260B43A2103072E003FB45B;
					};
					F260B4592103072E003FB45B = {
						CreatedOnToolsVersion = 8.3.3;
						ProvisioningStyle = Automatic;
						TestTargetID = F260B43A2103072E003FB45B;
					};
				};
			};
			buildConfigurationList = F260B4362103072E003FB45B /* Build configuration list for PBXProject "TableViewSample" */;
			compatibilityVersion = "Xcode 3.2";
			developmentRegion = English;
			hasScannedForEncodings = 0;
			knownRegions = (
				en,
				Base,
			);
			mainGroup = F260B4322103072E003FB45B;
			productRefGroup = F260B43C2103072E003FB45B /* Products */;
			projectDirPath = "";
			projectRoot = "";
			targets = (
				F260B43A2103072E003FB45B /* TableViewSample */,
				F260B44E2103072E003FB45B /* TableViewSampleTests */,
				F260B4592103072E003FB45B /* TableViewSampleUITests */,
			);
		};
/* End PBXProject section */

/* Begin PBXResourcesBuildPhase section */
		F260B4392103072E003FB45B /* Resources */ = {
			isa = PBXResourcesBuildPhase;
			buildActionMask = 2147483647;
			files = (
				F260B4492103072E003FB45B /* LaunchScreen.storyboard in Resources */,
				F260B4462103072E003FB45B /* Assets.xcassets in Resources */,
				F260B4442103072E003FB45B /* Main.storyboard in Resources */,
			);
			runOnlyForDeploymentPostprocessing = 0;
		};
		F260B44D2103072E003FB45B /* Resources */ = {
			isa = PBXResourcesBuildPhase;
			buildActionMask = 2147483647;
			files = (
			);
			runOnlyForDeploymentPostprocessing = 0;
		};
		F260B4582103072E003FB45B /* Resources */ = {
			isa = PBXResourcesBuildPhase;
			buildActionMask = 2147483647;
			files = (
			);
			runOnlyForDeploymentPostprocessing = 0;
		};
/* End PBXResourcesBuildPhase section */

/* Begin PBXSourcesBuildPhase section */
		F260B4372103072E003FB45B /* Sources */ = {
			isa = PBXSourcesBuildPhase;
			buildActionMask = 2147483647;
			files = (
				F260B47121030FE7003FB45B /* DetailController.swift in Sources */,
				F260B46D210307E5003FB45B /* TableController.swift in Sources */,
				F260B4412103072E003FB45B /* ViewController.swift in Sources */,
				F260B4732103104D003FB45B /* Golbal.swift in Sources */,
				F260B43F2103072E003FB45B /* AppDelegate.swift in Sources */,
			);
			runOnlyForDeploymentPostprocessing = 0;
		};
		F260B44B2103072E003FB45B /* Sources */ = {
			isa = PBXSourcesBuildPhase;
			buildActionMask = 2147483647;
			files = (
				F260B4542103072E003FB45B /* TableViewSampleTests.swift in Sources */,
			);
			runOnlyForDeploymentPostprocessing = 0;
		};
		F260B4562103072E003FB45B /* Sources */ = {
			isa = PBXSourcesBuildPhase;
			buildActionMask = 2147483647;
			files = (
				F260B45F2103072E003FB45B /* TableViewSampleUITests.swift in Sources */,
			);
			runOnlyForDeploymentPostprocessing = 0;
		};
/* End PBXSourcesBuildPhase section */

/* Begin PBXTargetDependency section */
		F260B4512103072E003FB45B /* PBXTargetDependency */ = {
			isa = PBXTargetDependency;
			target = F260B43A2103072E003FB45B /* TableViewSample */;
			targetProxy = F260B4502103072E003FB45B /* PBXContainerItemProxy */;
		};
		F260B45C2103072E003FB45B /* PBXTargetDependency */ = {
			isa = PBXTargetDependency;
			target = F260B43A2103072E003FB45B /* TableViewSample */;
			targetProxy = F260B45B2103072E003FB45B /* PBXContainerItemProxy */;
		};
/* End PBXTargetDependency section */

/* Begin PBXVariantGroup section */
		F260B4422103072E003FB45B /* Main.storyboard */ = {
			isa = PBXVariantGroup;
			children = (
				F260B4432103072E003FB45B /* Base */,
			);
			name = Main.storyboard;
			sourceTree = "<group>";
		};
		F260B4472103072E003FB45B /* LaunchScreen.storyboard */ = {
			isa = PBXVariantGroup;
			children = (
				F260B4482103072E003FB45B /* Base */,
			);
			name = LaunchScreen.storyboard;
			sourceTree = "<group>";
		};
/* End PBXVariantGroup section */

/* Begin XCBuildConfiguration section */
		F260B4612103072E003FB45B /* Debug */ = {
			isa = XCBuildConfiguration;
			buildSettings = {
				ALWAYS_SEARCH_USER_PATHS = NO;
				CLANG_ANALYZER_NONNULL = YES;
				CLANG_ANALYZER_NUMBER_OBJECT_CONVERSION = YES_AGGRESSIVE;
				CLANG_CXX_LANGUAGE_STANDARD = "gnu++0x";
				CLANG_CXX_LIBRARY = "libc++";
				CLANG_ENABLE_MODULES = YES;
				CLANG_ENABLE_OBJC_ARC = YES;
				CLANG_WARN_BOOL_CONVERSION = YES;
				CLANG_WARN_CONSTANT_CONVERSION = YES;
				CLANG_WARN_DIRECT_OBJC_ISA_USAGE = YES_ERROR;
				CLANG_WARN_DOCUMENTATION_COMMENTS = YES;
				CLANG_WARN_EMPTY_BODY = YES;
				CLANG_WARN_ENUM_CONVERSION = YES;
				CLANG_WARN_INFINITE_RECURSION = YES;
				CLANG_WARN_INT_CONVERSION = YES;
				CLANG_WARN_OBJC_ROOT_CLASS = YES_ERROR;
				CLANG_WARN_SUSPICIOUS_MOVE = YES;
				CLANG_WARN_UNREACHABLE_CODE = YES;
				CLANG_WARN__DUPLICATE_METHOD_MATCH = YES;
				"CODE_SIGN_IDENTITY[sdk=iphoneos*]" = "iPhone Developer";
				COPY_PHASE_STRIP = NO;
				DEBUG_INFORMATION_FORMAT = dwarf;
				ENABLE_STRICT_OBJC_MSGSEND = YES;
				ENABLE_TESTABILITY = YES;
				GCC_C_LANGUAGE_STANDARD = gnu99;
				GCC_DYNAMIC_NO_PIC = NO;
				GCC_NO_COMMON_BLOCKS = YES;
				GCC_OPTIMIZATION_LEVEL = 0;
				GCC_PREPROCESSOR_DEFINITIONS = (
					"DEBUG=1",
					"$(inherited)",
				);
				GCC_WARN_64_TO_32_BIT_CONVERSION = YES;
				GCC_WARN_ABOUT_RETURN_TYPE = YES_ERROR;
				GCC_WARN_UNDECLARED_SELECTOR = YES;
				GCC_WARN_UNINITIALIZED_AUTOS = YES_AGGRESSIVE;
				GCC_WARN_UNUSED_FUNCTION = YES;
				GCC_WARN_UNUSED_VARIABLE = YES;
				IPHONEOS_DEPLOYMENT_TARGET = 10.3;
				MTL_ENABLE_DEBUG_INFO = YES;
				ONLY_ACTIVE_ARCH = YES;
				SDKROOT = iphoneos;
				SWIFT_ACTIVE_COMPILATION_CONDITIONS = DEBUG;
				SWIFT_OPTIMIZATION_LEVEL = "-Onone";
				TARGETED_DEVICE_FAMILY = "1,2";
			};
			name = Debug;
		};
		F260B4622103072E003FB45B /* Release */ = {
			isa = XCBuildConfiguration;
			buildSettings = {
				ALWAYS_SEARCH_USER_PATHS = NO;
				CLANG_ANALYZER_NONNULL = YES;
				CLANG_ANALYZER_NUMBER_OBJECT_CONVERSION = YES_AGGRESSIVE;
				CLANG_CXX_LANGUAGE_STANDARD = "gnu++0x";
				CLANG_CXX_LIBRARY = "libc++";
				CLANG_ENABLE_MODULES = YES;
				CLANG_ENABLE_OBJC_ARC = YES;
				CLANG_WARN_BOOL_CONVERSION = YES;
				CLANG_WARN_CONSTANT_CONVERSION = YES;
				CLANG_WARN_DIRECT_OBJC_ISA_USAGE = YES_ERROR;
				CLANG_WARN_DOCUMENTATION_COMMENTS = YES;
				CLANG_WARN_EMPTY_BODY = YES;
				CLANG_WARN_ENUM_CONVERSION = YES;
				CLANG_WARN_INFINITE_RECURSION = YES;
				CLANG_WARN_INT_CONVERSION = YES;
				CLANG_WARN_OBJC_ROOT_CLASS = YES_ERROR;
				CLANG_WARN_SUSPICIOUS_MOVE = YES;
				CLANG_WARN_UNREACHABLE_CODE = YES;
				CLANG_WARN__DUPLICATE_METHOD_MATCH = YES;
				"CODE_SIGN_IDENTITY[sdk=iphoneos*]" = "iPhone Developer";
				COPY_PHASE_STRIP = NO;
				DEBUG_INFORMATION_FORMAT = "dwarf-with-dsym";
				ENABLE_NS_ASSERTIONS = NO;
				ENABLE_STRICT_OBJC_MSGSEND = YES;
				GCC_C_LANGUAGE_STANDARD = gnu99;
				GCC_NO_COMMON_BLOCKS = YES;
				GCC_WARN_64_TO_32_BIT_CONVERSION = YES;
				GCC_WARN_ABOUT_RETURN_TYPE = YES_ERROR;
				GCC_WARN_UNDECLARED_SELECTOR = YES;
				GCC_WARN_UNINITIALIZED_AUTOS = YES_AGGRESSIVE;
				GCC_WARN_UNUSED_FUNCTION = YES;
				GCC_WARN_UNUSED_VARIABLE = YES;
				IPHONEOS_DEPLOYMENT_TARGET = 10.3;
				MTL_ENABLE_DEBUG_INFO = NO;
				SDKROOT = iphoneos;
				SWIFT_OPTIMIZATION_LEVEL = "-Owholemodule";
				TARGETED_DEVICE_FAMILY = "1,2";
				VALIDATE_PRODUCT = YES;
			};
			name = Release;
		};
		F260B4642103072E003FB45B /* Debug */ = {
			isa = XCBuildConfiguration;
			buildSettings = {
				ASSETCATALOG_COMPILER_APPICON_NAME = AppIcon;
				INFOPLIST_FILE = TableViewSample/Info.plist;
				LD_RUNPATH_SEARCH_PATHS = "$(inherited) @executable_path/Frameworks";
				PRODUCT_BUNDLE_IDENTIFIER = beom.house.TableViewSample;
				PRODUCT_NAME = "$(TARGET_NAME)";
				SWIFT_VERSION = 3.0;
			};
			name = Debug;
		};
		F260B4652103072E003FB45B /* Release */ = {
			isa = XCBuildConfiguration;
			buildSettings = {
				ASSETCATALOG_COMPILER_APPICON_NAME = AppIcon;
				INFOPLIST_FILE = TableViewSample/Info.plist;
				LD_RUNPATH_SEARCH_PATHS = "$(inherited) @executable_path/Frameworks";
				PRODUCT_BUNDLE_IDENTIFIER = beom.house.TableViewSample;
				PRODUCT_NAME = "$(TARGET_NAME)";
				SWIFT_VERSION = 3.0;
			};
			name = Release;
		};
		F260B4672103072E003FB45B /* Debug */ = {
			isa = XCBuildConfiguration;
			buildSettings = {
				ALWAYS_EMBED_SWIFT_STANDARD_LIBRARIES = YES;
				BUNDLE_LOADER = "$(TEST_HOST)";
				INFOPLIST_FILE = TableViewSampleTests/Info.plist;
				LD_RUNPATH_SEARCH_PATHS = "$(inherited) @executable_path/Frameworks @loader_path/Frameworks";
				PRODUCT_BUNDLE_IDENTIFIER = beom.house.TableViewSampleTests;
				PRODUCT_NAME = "$(TARGET_NAME)";
				SWIFT_VERSION = 3.0;
				TEST_HOST = "$(BUILT_PRODUCTS_DIR)/TableViewSample.app/TableViewSample";
			};
			name = Debug;
		};
		F260B4682103072E003FB45B /* Release */ = {
			isa = XCBuildConfiguration;
			buildSettings = {
				ALWAYS_EMBED_SWIFT_STANDARD_LIBRARIES = YES;
				BUNDLE_LOADER = "$(TEST_HOST)";
				INFOPLIST_FILE = TableViewSampleTests/Info.plist;
				LD_RUNPATH_SEARCH_PATHS = "$(inherited) @executable_path/Frameworks @loader_path/Frameworks";
				PRODUCT_BUNDLE_IDENTIFIER = beom.house.TableViewSampleTests;
				PRODUCT_NAME = "$(TARGET_NAME)";
				SWIFT_VERSION = 3.0;
				TEST_HOST = "$(BUILT_PRODUCTS_DIR)/TableViewSample.app/TableViewSample";
			};
			name = Release;
		};
		F260B46A2103072E003FB45B /* Debug */ = {
			isa = XCBuildConfiguration;
			buildSettings = {
				ALWAYS_EMBED_SWIFT_STANDARD_LIBRARIES = YES;
				INFOPLIST_FILE = TableViewSampleUITests/Info.plist;
				LD_RUNPATH_SEARCH_PATHS = "$(inherited) @executable_path/Frameworks @loader_path/Frameworks";
				PRODUCT_BUNDLE_IDENTIFIER = beom.house.TableViewSampleUITests;
				PRODUCT_NAME = "$(TARGET_NAME)";
				SWIFT_VERSION = 3.0;
				TEST_TARGET_NAME = TableViewSample;
			};
			name = Debug;
		};
		F260B46B2103072E003FB45B /* Release */ = {
			isa = XCBuildConfiguration;
			buildSettings = {
				ALWAYS_EMBED_SWIFT_STANDARD_LIBRARIES = YES;
				INFOPLIST_FILE = TableViewSampleUITests/Info.plist;
				LD_RUNPATH_SEARCH_PATHS = "$(inherited) @executable_path/Frameworks @loader_path/Frameworks";
				PRODUCT_BUNDLE_IDENTIFIER = beom.house.TableViewSampleUITests;
				PRODUCT_NAME = "$(TARGET_NAME)";
				SWIFT_VERSION = 3.0;
				TEST_TARGET_NAME = TableViewSample;
			};
			name = Release;
		};
/* End XCBuildConfiguration section */

/* Begin XCConfigurationList section */
		F260B4362103072E003FB45B /* Build configuration list for PBXProject "TableViewSample" */ = {
			isa = XCConfigurationList;
			buildConfigurations = (
				F260B4612103072E003FB45B /* Debug */,
				F260B4622103072E003FB45B /* Release */,
			);
			defaultConfigurationIsVisible = 0;
			defaultConfigurationName = Release;
		};
		F260B4632103072E003FB45B /* Build configuration list for PBXNativeTarget "TableViewSample" */ = {
			isa = XCConfigurationList;
			buildConfigurations = (
				F260B4642103072E003FB45B /* Debug */,
				F260B4652103072E003FB45B /* Release */,
			);
			defaultConfigurationIsVisible = 0;
		};
		F260B4662103072E003FB45B /* Build configuration list for PBXNativeTarget "TableViewSampleTests" */ = {
			isa = XCConfigurationList;
			buildConfigurations = (
				F260B4672103072E003FB45B /* Debug */,
				F260B4682103072E003FB45B /* Release */,
			);
			defaultConfigurationIsVisible = 0;
		};
		F260B4692103072E003FB45B /* Build configuration list for PBXNativeTarget "TableViewSampleUITests" */ = {
			isa = XCConfigurationList;
			buildConfigurations = (
				F260B46A2103072E003FB45B /* Debug */,
				F260B46B2103072E003FB45B /* Release */,
			);
			defaultConfigurationIsVisible = 0;
		};
/* End XCConfigurationList section */
	};
	rootObject = F260B4332103072E003FB45B /* Project object */;
}
